
Microsoft Visual Studio Solution File, Format Version 12.00
# Visual Studio Version 17
VisualStudioVersion = 17.4.33103.184
MinimumVisualStudioVersion = 10.0.40219.1
Project("{FAE04EC0-301F-11D3-BF4B-00C04F79EFBC}") = "dz5", "dz5\dz5.csproj", "{2F9A57F4-8572-474C-867A-2D968953ACAE}"
EndProject
Project("{FAE04EC0-301F-11D3-BF4B-00C04F79EFBC}") = "labik", "labik\labik.csproj", "{57DBEE16-1A09-44D9-847F-1D7D44369699}"
EndProject
Global
	GlobalSection(SolutionConfigurationPlatforms) = preSolution
		Debug|Any CPU = Debug|Any CPU
		Release|Any CPU = Release|Any CPU
	EndGlobalSection
	GlobalSection(ProjectConfigurationPlatforms) = postSolution
		{2F9A57F4-8572-474C-867A-2D968953ACAE}.Debug|Any CPU.ActiveCfg = Debug|Any CPU
		{2F9A57F4-8572-474C-867A-2D968953ACAE}.Debug|Any CPU.Build.0 = Debug|Any CPU
		{2F9A57F4-8572-474C-867A-2D968953ACAE}.Release|Any CPU.ActiveCfg = Release|Any CPU
		{2F9A57F4-8572-474C-867A-2D968953ACAE}.Release|Any CPU.Build.0 = Release|Any CPU
		{57DBEE16-1A09-44D9-847F-1D7D44369699}.Debug|Any CPU.ActiveCfg = Debug|Any CPU
		{57DBEE16-1A09-44D9-847F-1D7D44369699}.Debug|Any CPU.Build.0 = Debug|Any CPU
		{57DBEE16-1A09-44D9-847F-1D7D44369699}.Release|Any CPU.ActiveCfg = Release|Any CPU
		{57DBEE16-1A09-44D9-847F-1D7D44369699}.Release|Any CPU.Build.0 = Release|Any CPU
	EndGlobalSection
	GlobalSection(SolutionProperties) = preSolution
		HideSolutionNode = FALSE
	EndGlobalSection
	GlobalSection(ExtensibilityGlobals) = postSolution
		SolutionGuid = {5E6A9889-CBD5-4829-A196-6456DD0B22A5}
	EndGlobalSection
EndGlobal
